
Microsoft Visual Studio Solution File, Format Version 12.00
# Visual Studio 2013
VisualStudioVersion = 12.0.30501.0
MinimumVisualStudioVersion = 10.0.40219.1
Project("{2150E333-8FDC-42A3-9474-1A3956D46DE8}") = "src", "src", "{8EFD63F0-9AE4-49DA-8841-08770C3FA863}"
EndProject
Project("{2150E333-8FDC-42A3-9474-1A3956D46DE8}") = "test", "test", "{ED6BA5A0-E6EB-422E-8E1F-74B1BD77D06E}"
EndProject
Project("{FAE04EC0-301F-11D3-BF4B-00C04F79EFBC}") = "ForestSimulationTests", "test\TimeKeeperTests\ForestSimulationTests.csproj", "{4145EF1E-EC9D-498B-AC4E-E0065BBB8855}"
EndProject
Project("{FAE04EC0-301F-11D3-BF4B-00C04F79EFBC}") = "ForestSimulation", "src\ForestSimulation\ForestSimulation.csproj", "{243B3DE1-9022-4656-8455-D80B5A947399}"
EndProject
Global
	GlobalSection(SolutionConfigurationPlatforms) = preSolution
		Debug|Any CPU = Debug|Any CPU
		Release|Any CPU = Release|Any CPU
	EndGlobalSection
	GlobalSection(ProjectConfigurationPlatforms) = postSolution
		{4145EF1E-EC9D-498B-AC4E-E0065BBB8855}.Debug|Any CPU.ActiveCfg = Debug|Any CPU
		{4145EF1E-EC9D-498B-AC4E-E0065BBB8855}.Debug|Any CPU.Build.0 = Debug|Any CPU
		{4145EF1E-EC9D-498B-AC4E-E0065BBB8855}.Release|Any CPU.ActiveCfg = Release|Any CPU
		{4145EF1E-EC9D-498B-AC4E-E0065BBB8855}.Release|Any CPU.Build.0 = Release|Any CPU
		{243B3DE1-9022-4656-8455-D80B5A947399}.Debug|Any CPU.ActiveCfg = Debug|Any CPU
		{243B3DE1-9022-4656-8455-D80B5A947399}.Debug|Any CPU.Build.0 = Debug|Any CPU
		{243B3DE1-9022-4656-8455-D80B5A947399}.Release|Any CPU.ActiveCfg = Release|Any CPU
		{243B3DE1-9022-4656-8455-D80B5A947399}.Release|Any CPU.Build.0 = Release|Any CPU
	EndGlobalSection
	GlobalSection(SolutionProperties) = preSolution
		HideSolutionNode = FALSE
	EndGlobalSection
	GlobalSection(NestedProjects) = preSolution
		{4145EF1E-EC9D-498B-AC4E-E0065BBB8855} = {ED6BA5A0-E6EB-422E-8E1F-74B1BD77D06E}
		{243B3DE1-9022-4656-8455-D80B5A947399} = {8EFD63F0-9AE4-49DA-8841-08770C3FA863}
	EndGlobalSection
EndGlobal
